
Microsoft Visual Studio Solution File, Format Version 12.00
Project("{FAE04EC0-301F-11D3-BF4B-00C04F79EFBC}") = "Clrs", "Clrs\Clrs.csproj", "{1E102CA3-A8CC-4886-8AE3-6951CD34D5AD}"
EndProject
Project("{FAE04EC0-301F-11D3-BF4B-00C04F79EFBC}") = "Tests", "Tests\Tests.csproj", "{7239A79D-BC06-4307-9314-7405A74F7602}"
EndProject
Global
	GlobalSection(SolutionConfigurationPlatforms) = preSolution
		Debug|Any CPU = Debug|Any CPU
		Release|Any CPU = Release|Any CPU
	EndGlobalSection
	GlobalSection(ProjectConfigurationPlatforms) = postSolution
		{1E102CA3-A8CC-4886-8AE3-6951CD34D5AD}.Debug|Any CPU.ActiveCfg = Debug|Any CPU
		{1E102CA3-A8CC-4886-8AE3-6951CD34D5AD}.Debug|Any CPU.Build.0 = Debug|Any CPU
		{1E102CA3-A8CC-4886-8AE3-6951CD34D5AD}.Release|Any CPU.ActiveCfg = Release|Any CPU
		{1E102CA3-A8CC-4886-8AE3-6951CD34D5AD}.Release|Any CPU.Build.0 = Release|Any CPU
		{7239A79D-BC06-4307-9314-7405A74F7602}.Debug|Any CPU.ActiveCfg = Debug|Any CPU
		{7239A79D-BC06-4307-9314-7405A74F7602}.Debug|Any CPU.Build.0 = Debug|Any CPU
		{7239A79D-BC06-4307-9314-7405A74F7602}.Release|Any CPU.ActiveCfg = Release|Any CPU
		{7239A79D-BC06-4307-9314-7405A74F7602}.Release|Any CPU.Build.0 = Release|Any CPU
	EndGlobalSection
EndGlobal
